// !$*UTF8*$!
{
	archiveVersion = 1;
	classes = {
	};
	objectVersion = 77;
	objects = {

/* Begin PBXBuildFile section */
		A0BA40692D011F2F0010B26B /* WidgetKit.framework in Frameworks */ = {isa = PBXBuildFile; fileRef = A0BA40682D011F2F0010B26B /* WidgetKit.framework */; };
		A0BA406B2D011F2F0010B26B /* SwiftUI.framework in Frameworks */ = {isa = PBXBuildFile; fileRef = A0BA406A2D011F2F0010B26B /* SwiftUI.framework */; };
		A0BA40762D011F300010B26B /* CalendarWidgetExtension.appex in Embed Foundation Extensions */ = {isa = PBXBuildFile; fileRef = A0BA40662D011F2F0010B26B /* CalendarWidgetExtension.appex */; settings = {ATTRIBUTES = (RemoveHeadersOnCopy, ); }; };
		A0BA40812D0125660010B26B /* WidgetKit.framework in Frameworks */ = {isa = PBXBuildFile; fileRef = A0BA40682D011F2F0010B26B /* WidgetKit.framework */; };
		A0BA40822D0125660010B26B /* SwiftUI.framework in Frameworks */ = {isa = PBXBuildFile; fileRef = A0BA406A2D011F2F0010B26B /* SwiftUI.framework */; };
		A0BA408F2D0125680010B26B /* PhraseWidgetExtension.appex in Embed Foundation Extensions */ = {isa = PBXBuildFile; fileRef = A0BA40802D0125660010B26B /* PhraseWidgetExtension.appex */; settings = {ATTRIBUTES = (RemoveHeadersOnCopy, ); }; };
		A0BA40992D0132420010B26B /* WidgetKit.framework in Frameworks */ = {isa = PBXBuildFile; fileRef = A0BA40682D011F2F0010B26B /* WidgetKit.framework */; };
		A0BA409A2D0132420010B26B /* SwiftUI.framework in Frameworks */ = {isa = PBXBuildFile; fileRef = A0BA406A2D011F2F0010B26B /* SwiftUI.framework */; };
		A0BA40A52D0132440010B26B /* CounterWidgetExtension.appex in Embed Foundation Extensions */ = {isa = PBXBuildFile; fileRef = A0BA40982D0132420010B26B /* CounterWidgetExtension.appex */; settings = {ATTRIBUTES = (RemoveHeadersOnCopy, ); }; };
/* End PBXBuildFile section */

/* Begin PBXContainerItemProxy section */
		A0BA40742D011F300010B26B /* PBXContainerItemProxy */ = {
			isa = PBXContainerItemProxy;
			containerPortal = A0BA40492D011EC50010B26B /* Project object */;
			proxyType = 1;
			remoteGlobalIDString = A0BA40652D011F2F0010B26B;
			remoteInfo = CalendarWidgetExtension;
		};
		A0BA408D2D0125680010B26B /* PBXContainerItemProxy */ = {
			isa = PBXContainerItemProxy;
			containerPortal = A0BA40492D011EC50010B26B /* Project object */;
			proxyType = 1;
			remoteGlobalIDString = A0BA407F2D0125660010B26B;
			remoteInfo = PhraseWidgetExtension;
		};
		A0BA40A32D0132440010B26B /* PBXContainerItemProxy */ = {
			isa = PBXContainerItemProxy;
			containerPortal = A0BA40492D011EC50010B26B /* Project object */;
			proxyType = 1;
			remoteGlobalIDString = A0BA40972D0132420010B26B;
			remoteInfo = CounterWidgetExtension;
		};
/* End PBXContainerItemProxy section */

/* Begin PBXCopyFilesBuildPhase section */
		A0BA407B2D011F300010B26B /* Embed Foundation Extensions */ = {
			isa = PBXCopyFilesBuildPhase;
			buildActionMask = 2147483647;
			dstPath = "";
			dstSubfolderSpec = 13;
			files = (
				A0BA40762D011F300010B26B /* CalendarWidgetExtension.appex in Embed Foundation Extensions */,
				A0BA408F2D0125680010B26B /* PhraseWidgetExtension.appex in Embed Foundation Extensions */,
				A0BA40A52D0132440010B26B /* CounterWidgetExtension.appex in Embed Foundation Extensions */,
			);
			name = "Embed Foundation Extensions";
			runOnlyForDeploymentPostprocessing = 0;
		};
/* End PBXCopyFilesBuildPhase section */

/* Begin PBXFileReference section */
		A0BA40512D011EC50010B26B /* TallerDeWidgets.app */ = {isa = PBXFileReference; explicitFileType = wrapper.application; includeInIndex = 0; path = TallerDeWidgets.app; sourceTree = BUILT_PRODUCTS_DIR; };
		A0BA40662D011F2F0010B26B /* CalendarWidgetExtension.appex */ = {isa = PBXFileReference; explicitFileType = "wrapper.app-extension"; includeInIndex = 0; path = CalendarWidgetExtension.appex; sourceTree = BUILT_PRODUCTS_DIR; };
		A0BA40682D011F2F0010B26B /* WidgetKit.framework */ = {isa = PBXFileReference; lastKnownFileType = wrapper.framework; name = WidgetKit.framework; path = System/Library/Frameworks/WidgetKit.framework; sourceTree = SDKROOT; };
		A0BA406A2D011F2F0010B26B /* SwiftUI.framework */ = {isa = PBXFileReference; lastKnownFileType = wrapper.framework; name = SwiftUI.framework; path = System/Library/Frameworks/SwiftUI.framework; sourceTree = SDKROOT; };
		A0BA40802D0125660010B26B /* PhraseWidgetExtension.appex */ = {isa = PBXFileReference; explicitFileType = "wrapper.app-extension"; includeInIndex = 0; path = PhraseWidgetExtension.appex; sourceTree = BUILT_PRODUCTS_DIR; };
		A0BA40982D0132420010B26B /* CounterWidgetExtension.appex */ = {isa = PBXFileReference; explicitFileType = "wrapper.app-extension"; includeInIndex = 0; path = CounterWidgetExtension.appex; sourceTree = BUILT_PRODUCTS_DIR; };
/* End PBXFileReference section */

/* Begin PBXFileSystemSynchronizedBuildFileExceptionSet section */
		A0BA40772D011F300010B26B /* Exceptions for "CalendarWidget" folder in "CalendarWidgetExtension" target */ = {
			isa = PBXFileSystemSynchronizedBuildFileExceptionSet;
			membershipExceptions = (
				Info.plist,
			);
			target = A0BA40652D011F2F0010B26B /* CalendarWidgetExtension */;
		};
		A0BA40902D0125680010B26B /* Exceptions for "PhraseWidget" folder in "PhraseWidgetExtension" target */ = {
			isa = PBXFileSystemSynchronizedBuildFileExceptionSet;
			membershipExceptions = (
				Info.plist,
			);
			target = A0BA407F2D0125660010B26B /* PhraseWidgetExtension */;
		};
		A0BA40A62D0132440010B26B /* Exceptions for "CounterWidget" folder in "CounterWidgetExtension" target */ = {
			isa = PBXFileSystemSynchronizedBuildFileExceptionSet;
			membershipExceptions = (
				Info.plist,
			);
			target = A0BA40972D0132420010B26B /* CounterWidgetExtension */;
		};
		A0BA40AF2D0133BD0010B26B /* Exceptions for "CounterWidget" folder in "TallerDeWidgets" target */ = {
			isa = PBXFileSystemSynchronizedBuildFileExceptionSet;
			membershipExceptions = (
				AppIntent.swift,
			);
			target = A0BA40502D011EC50010B26B /* TallerDeWidgets */;
		};
/* End PBXFileSystemSynchronizedBuildFileExceptionSet section */

/* Begin PBXFileSystemSynchronizedRootGroup section */
		A0BA40532D011EC50010B26B /* TallerDeWidgets */ = {
			isa = PBXFileSystemSynchronizedRootGroup;
			path = TallerDeWidgets;
			sourceTree = "<group>";
		};
		A0BA406C2D011F2F0010B26B /* CalendarWidget */ = {
			isa = PBXFileSystemSynchronizedRootGroup;
			exceptions = (
				A0BA40772D011F300010B26B /* Exceptions for "CalendarWidget" folder in "CalendarWidgetExtension" target */,
			);
			path = CalendarWidget;
			sourceTree = "<group>";
		};
		A0BA40832D0125660010B26B /* PhraseWidget */ = {
			isa = PBXFileSystemSynchronizedRootGroup;
			exceptions = (
				A0BA40902D0125680010B26B /* Exceptions for "PhraseWidget" folder in "PhraseWidgetExtension" target */,
			);
			path = PhraseWidget;
			sourceTree = "<group>";
		};
		A0BA409B2D0132420010B26B /* CounterWidget */ = {
			isa = PBXFileSystemSynchronizedRootGroup;
			exceptions = (
				A0BA40AF2D0133BD0010B26B /* Exceptions for "CounterWidget" folder in "TallerDeWidgets" target */,
				A0BA40A62D0132440010B26B /* Exceptions for "CounterWidget" folder in "CounterWidgetExtension" target */,
			);
			path = CounterWidget;
			sourceTree = "<group>";
		};
/* End PBXFileSystemSynchronizedRootGroup section */

/* Begin PBXFrameworksBuildPhase section */
		A0BA404E2D011EC50010B26B /* Frameworks */ = {
			isa = PBXFrameworksBuildPhase;
			buildActionMask = 2147483647;
			files = (
			);
			runOnlyForDeploymentPostprocessing = 0;
		};
		A0BA40632D011F2F0010B26B /* Frameworks */ = {
			isa = PBXFrameworksBuildPhase;
			buildActionMask = 2147483647;
			files = (
				A0BA406B2D011F2F0010B26B /* SwiftUI.framework in Frameworks */,
				A0BA40692D011F2F0010B26B /* WidgetKit.framework in Frameworks */,
			);
			runOnlyForDeploymentPostprocessing = 0;
		};
		A0BA407D2D0125660010B26B /* Frameworks */ = {
			isa = PBXFrameworksBuildPhase;
			buildActionMask = 2147483647;
			files = (
				A0BA40822D0125660010B26B /* SwiftUI.framework in Frameworks */,
				A0BA40812D0125660010B26B /* WidgetKit.framework in Frameworks */,
			);
			runOnlyForDeploymentPostprocessing = 0;
		};
		A0BA40952D0132420010B26B /* Frameworks */ = {
			isa = PBXFrameworksBuildPhase;
			buildActionMask = 2147483647;
			files = (
				A0BA409A2D0132420010B26B /* SwiftUI.framework in Frameworks */,
				A0BA40992D0132420010B26B /* WidgetKit.framework in Frameworks */,
			);
			runOnlyForDeploymentPostprocessing = 0;
		};
/* End PBXFrameworksBuildPhase section */

/* Begin PBXGroup section */
		A0BA40482D011EC50010B26B = {
			isa = PBXGroup;
			children = (
				A0BA40532D011EC50010B26B /* TallerDeWidgets */,
				A0BA406C2D011F2F0010B26B /* CalendarWidget */,
				A0BA40832D0125660010B26B /* PhraseWidget */,
				A0BA409B2D0132420010B26B /* CounterWidget */,
				A0BA40672D011F2F0010B26B /* Frameworks */,
				A0BA40522D011EC50010B26B /* Products */,
			);
			sourceTree = "<group>";
		};
		A0BA40522D011EC50010B26B /* Products */ = {
			isa = PBXGroup;
			children = (
				A0BA40512D011EC50010B26B /* TallerDeWidgets.app */,
				A0BA40662D011F2F0010B26B /* CalendarWidgetExtension.appex */,
				A0BA40802D0125660010B26B /* PhraseWidgetExtension.appex */,
				A0BA40982D0132420010B26B /* CounterWidgetExtension.appex */,
			);
			name = Products;
			sourceTree = "<group>";
		};
		A0BA40672D011F2F0010B26B /* Frameworks */ = {
			isa = PBXGroup;
			children = (
				A0BA40682D011F2F0010B26B /* WidgetKit.framework */,
				A0BA406A2D011F2F0010B26B /* SwiftUI.framework */,
			);
			name = Frameworks;
			sourceTree = "<group>";
		};
/* End PBXGroup section */

/* Begin PBXNativeTarget section */
		A0BA40502D011EC50010B26B /* TallerDeWidgets */ = {
			isa = PBXNativeTarget;
			buildConfigurationList = A0BA405F2D011EC60010B26B /* Build configuration list for PBXNativeTarget "TallerDeWidgets" */;
			buildPhases = (
				A0BA404D2D011EC50010B26B /* Sources */,
				A0BA404E2D011EC50010B26B /* Frameworks */,
				A0BA404F2D011EC50010B26B /* Resources */,
				A0BA407B2D011F300010B26B /* Embed Foundation Extensions */,
			);
			buildRules = (
			);
			dependencies = (
				A0BA40752D011F300010B26B /* PBXTargetDependency */,
				A0BA408E2D0125680010B26B /* PBXTargetDependency */,
				A0BA40A42D0132440010B26B /* PBXTargetDependency */,
			);
			fileSystemSynchronizedGroups = (
				A0BA40532D011EC50010B26B /* TallerDeWidgets */,
			);
			name = TallerDeWidgets;
			packageProductDependencies = (
			);
			productName = TallerDeWidgets;
			productReference = A0BA40512D011EC50010B26B /* TallerDeWidgets.app */;
			productType = "com.apple.product-type.application";
		};
		A0BA40652D011F2F0010B26B /* CalendarWidgetExtension */ = {
			isa = PBXNativeTarget;
			buildConfigurationList = A0BA40782D011F300010B26B /* Build configuration list for PBXNativeTarget "CalendarWidgetExtension" */;
			buildPhases = (
				A0BA40622D011F2F0010B26B /* Sources */,
				A0BA40632D011F2F0010B26B /* Frameworks */,
				A0BA40642D011F2F0010B26B /* Resources */,
			);
			buildRules = (
			);
			dependencies = (
			);
			fileSystemSynchronizedGroups = (
				A0BA406C2D011F2F0010B26B /* CalendarWidget */,
			);
			name = CalendarWidgetExtension;
			packageProductDependencies = (
			);
			productName = CalendarWidgetExtension;
			productReference = A0BA40662D011F2F0010B26B /* CalendarWidgetExtension.appex */;
			productType = "com.apple.product-type.app-extension";
		};
		A0BA407F2D0125660010B26B /* PhraseWidgetExtension */ = {
			isa = PBXNativeTarget;
			buildConfigurationList = A0BA40912D0125680010B26B /* Build configuration list for PBXNativeTarget "PhraseWidgetExtension" */;
			buildPhases = (
				A0BA407C2D0125660010B26B /* Sources */,
				A0BA407D2D0125660010B26B /* Frameworks */,
				A0BA407E2D0125660010B26B /* Resources */,
			);
			buildRules = (
			);
			dependencies = (
			);
			fileSystemSynchronizedGroups = (
				A0BA40832D0125660010B26B /* PhraseWidget */,
			);
			name = PhraseWidgetExtension;
			packageProductDependencies = (
			);
			productName = PhraseWidgetExtension;
			productReference = A0BA40802D0125660010B26B /* PhraseWidgetExtension.appex */;
			productType = "com.apple.product-type.app-extension";
		};
		A0BA40972D0132420010B26B /* CounterWidgetExtension */ = {
			isa = PBXNativeTarget;
			buildConfigurationList = A0BA40A72D0132440010B26B /* Build configuration list for PBXNativeTarget "CounterWidgetExtension" */;
			buildPhases = (
				A0BA40942D0132420010B26B /* Sources */,
				A0BA40952D0132420010B26B /* Frameworks */,
				A0BA40962D0132420010B26B /* Resources */,
			);
			buildRules = (
			);
			dependencies = (
			);
			fileSystemSynchronizedGroups = (
				A0BA409B2D0132420010B26B /* CounterWidget */,
			);
			name = CounterWidgetExtension;
			packageProductDependencies = (
			);
			productName = CounterWidgetExtension;
			productReference = A0BA40982D0132420010B26B /* CounterWidgetExtension.appex */;
			productType = "com.apple.product-type.app-extension";
		};
/* End PBXNativeTarget section */

/* Begin PBXProject section */
		A0BA40492D011EC50010B26B /* Project object */ = {
			isa = PBXProject;
			attributes = {
				BuildIndependentTargetsInParallel = 1;
				LastSwiftUpdateCheck = 1610;
				LastUpgradeCheck = 1610;
				TargetAttributes = {
					A0BA40502D011EC50010B26B = {
						CreatedOnToolsVersion = 16.1;
					};
					A0BA40652D011F2F0010B26B = {
						CreatedOnToolsVersion = 16.1;
					};
					A0BA407F2D0125660010B26B = {
						CreatedOnToolsVersion = 16.1;
					};
					A0BA40972D0132420010B26B = {
						CreatedOnToolsVersion = 16.1;
					};
				};
			};
			buildConfigurationList = A0BA404C2D011EC50010B26B /* Build configuration list for PBXProject "TallerDeWidgets" */;
			developmentRegion = en;
			hasScannedForEncodings = 0;
			knownRegions = (
				en,
				Base,
			);
			mainGroup = A0BA40482D011EC50010B26B;
			minimizedProjectReferenceProxies = 1;
			preferredProjectObjectVersion = 77;
			productRefGroup = A0BA40522D011EC50010B26B /* Products */;
			projectDirPath = "";
			projectRoot = "";
			targets = (
				A0BA40502D011EC50010B26B /* TallerDeWidgets */,
				A0BA40652D011F2F0010B26B /* CalendarWidgetExtension */,
				A0BA407F2D0125660010B26B /* PhraseWidgetExtension */,
				A0BA40972D0132420010B26B /* CounterWidgetExtension */,
			);
		};
/* End PBXProject section */

/* Begin PBXResourcesBuildPhase section */
		A0BA404F2D011EC50010B26B /* Resources */ = {
			isa = PBXResourcesBuildPhase;
			buildActionMask = 2147483647;
			files = (
			);
			runOnlyForDeploymentPostprocessing = 0;
		};
		A0BA40642D011F2F0010B26B /* Resources */ = {
			isa = PBXResourcesBuildPhase;
			buildActionMask = 2147483647;
			files = (
			);
			runOnlyForDeploymentPostprocessing = 0;
		};
		A0BA407E2D0125660010B26B /* Resources */ = {
			isa = PBXResourcesBuildPhase;
			buildActionMask = 2147483647;
			files = (
			);
			runOnlyForDeploymentPostprocessing = 0;
		};
		A0BA40962D0132420010B26B /* Resources */ = {
			isa = PBXResourcesBuildPhase;
			buildActionMask = 2147483647;
			files = (
			);
			runOnlyForDeploymentPostprocessing = 0;
		};
/* End PBXResourcesBuildPhase section */

/* Begin PBXSourcesBuildPhase section */
		A0BA404D2D011EC50010B26B /* Sources */ = {
			isa = PBXSourcesBuildPhase;
			buildActionMask = 2147483647;
			files = (
			);
			runOnlyForDeploymentPostprocessing = 0;
		};
		A0BA40622D011F2F0010B26B /* Sources */ = {
			isa = PBXSourcesBuildPhase;
			buildActionMask = 2147483647;
			files = (
			);
			runOnlyForDeploymentPostprocessing = 0;
		};
		A0BA407C2D0125660010B26B /* Sources */ = {
			isa = PBXSourcesBuildPhase;
			buildActionMask = 2147483647;
			files = (
			);
			runOnlyForDeploymentPostprocessing = 0;
		};
		A0BA40942D0132420010B26B /* Sources */ = {
			isa = PBXSourcesBuildPhase;
			buildActionMask = 2147483647;
			files = (
			);
			runOnlyForDeploymentPostprocessing = 0;
		};
/* End PBXSourcesBuildPhase section */

/* Begin PBXTargetDependency section */
		A0BA40752D011F300010B26B /* PBXTargetDependency */ = {
			isa = PBXTargetDependency;
			target = A0BA40652D011F2F0010B26B /* CalendarWidgetExtension */;
			targetProxy = A0BA40742D011F300010B26B /* PBXContainerItemProxy */;
		};
		A0BA408E2D0125680010B26B /* PBXTargetDependency */ = {
			isa = PBXTargetDependency;
			target = A0BA407F2D0125660010B26B /* PhraseWidgetExtension */;
			targetProxy = A0BA408D2D0125680010B26B /* PBXContainerItemProxy */;
		};
		A0BA40A42D0132440010B26B /* PBXTargetDependency */ = {
			isa = PBXTargetDependency;
			target = A0BA40972D0132420010B26B /* CounterWidgetExtension */;
			targetProxy = A0BA40A32D0132440010B26B /* PBXContainerItemProxy */;
		};
/* End PBXTargetDependency section */

/* Begin XCBuildConfiguration section */
		A0BA405D2D011EC60010B26B /* Debug */ = {
			isa = XCBuildConfiguration;
			buildSettings = {
				ALWAYS_SEARCH_USER_PATHS = NO;
				ASSETCATALOG_COMPILER_GENERATE_SWIFT_ASSET_SYMBOL_EXTENSIONS = YES;
				CLANG_ANALYZER_NONNULL = YES;
				CLANG_ANALYZER_NUMBER_OBJECT_CONVERSION = YES_AGGRESSIVE;
				CLANG_CXX_LANGUAGE_STANDARD = "gnu++20";
				CLANG_ENABLE_MODULES = YES;
				CLANG_ENABLE_OBJC_ARC = YES;
				CLANG_ENABLE_OBJC_WEAK = YES;
				CLANG_WARN_BLOCK_CAPTURE_AUTORELEASING = YES;
				CLANG_WARN_BOOL_CONVERSION = YES;
				CLANG_WARN_COMMA = YES;
				CLANG_WARN_CONSTANT_CONVERSION = YES;
				CLANG_WARN_DEPRECATED_OBJC_IMPLEMENTATIONS = YES;
				CLANG_WARN_DIRECT_OBJC_ISA_USAGE = YES_ERROR;
				CLANG_WARN_DOCUMENTATION_COMMENTS = YES;
				CLANG_WARN_EMPTY_BODY = YES;
				CLANG_WARN_ENUM_CONVERSION = YES;
				CLANG_WARN_INFINITE_RECURSION = YES;
				CLANG_WARN_INT_CONVERSION = YES;
				CLANG_WARN_NON_LITERAL_NULL_CONVERSION = YES;
				CLANG_WARN_OBJC_IMPLICIT_RETAIN_SELF = YES;
				CLANG_WARN_OBJC_LITERAL_CONVERSION = YES;
				CLANG_WARN_OBJC_ROOT_CLASS = YES_ERROR;
				CLANG_WARN_QUOTED_INCLUDE_IN_FRAMEWORK_HEADER = YES;
				CLANG_WARN_RANGE_LOOP_ANALYSIS = YES;
				CLANG_WARN_STRICT_PROTOTYPES = YES;
				CLANG_WARN_SUSPICIOUS_MOVE = YES;
				CLANG_WARN_UNGUARDED_AVAILABILITY = YES_AGGRESSIVE;
				CLANG_WARN_UNREACHABLE_CODE = YES;
				CLANG_WARN__DUPLICATE_METHOD_MATCH = YES;
				COPY_PHASE_STRIP = NO;
				DEBUG_INFORMATION_FORMAT = dwarf;
				ENABLE_STRICT_OBJC_MSGSEND = YES;
				ENABLE_TESTABILITY = YES;
				ENABLE_USER_SCRIPT_SANDBOXING = YES;
				GCC_C_LANGUAGE_STANDARD = gnu17;
				GCC_DYNAMIC_NO_PIC = NO;
				GCC_NO_COMMON_BLOCKS = YES;
				GCC_OPTIMIZATION_LEVEL = 0;
				GCC_PREPROCESSOR_DEFINITIONS = (
					"DEBUG=1",
					"$(inherited)",
				);
				GCC_WARN_64_TO_32_BIT_CONVERSION = YES;
				GCC_WARN_ABOUT_RETURN_TYPE = YES_ERROR;
				GCC_WARN_UNDECLARED_SELECTOR = YES;
				GCC_WARN_UNINITIALIZED_AUTOS = YES_AGGRESSIVE;
				GCC_WARN_UNUSED_FUNCTION = YES;
				GCC_WARN_UNUSED_VARIABLE = YES;
				IPHONEOS_DEPLOYMENT_TARGET = 18.1;
				LOCALIZATION_PREFERS_STRING_CATALOGS = YES;
				MTL_ENABLE_DEBUG_INFO = INCLUDE_SOURCE;
				MTL_FAST_MATH = YES;
				ONLY_ACTIVE_ARCH = YES;
				SDKROOT = iphoneos;
				SWIFT_ACTIVE_COMPILATION_CONDITIONS = "DEBUG $(inherited)";
				SWIFT_OPTIMIZATION_LEVEL = "-Onone";
			};
			name = Debug;
		};
		A0BA405E2D011EC60010B26B /* Release */ = {
			isa = XCBuildConfiguration;
			buildSettings = {
				ALWAYS_SEARCH_USER_PATHS = NO;
				ASSETCATALOG_COMPILER_GENERATE_SWIFT_ASSET_SYMBOL_EXTENSIONS = YES;
				CLANG_ANALYZER_NONNULL = YES;
				CLANG_ANALYZER_NUMBER_OBJECT_CONVERSION = YES_AGGRESSIVE;
				CLANG_CXX_LANGUAGE_STANDARD = "gnu++20";
				CLANG_ENABLE_MODULES = YES;
				CLANG_ENABLE_OBJC_ARC = YES;
				CLANG_ENABLE_OBJC_WEAK = YES;
				CLANG_WARN_BLOCK_CAPTURE_AUTORELEASING = YES;
				CLANG_WARN_BOOL_CONVERSION = YES;
				CLANG_WARN_COMMA = YES;
				CLANG_WARN_CONSTANT_CONVERSION = YES;
				CLANG_WARN_DEPRECATED_OBJC_IMPLEMENTATIONS = YES;
				CLANG_WARN_DIRECT_OBJC_ISA_USAGE = YES_ERROR;
				CLANG_WARN_DOCUMENTATION_COMMENTS = YES;
				CLANG_WARN_EMPTY_BODY = YES;
				CLANG_WARN_ENUM_CONVERSION = YES;
				CLANG_WARN_INFINITE_RECURSION = YES;
				CLANG_WARN_INT_CONVERSION = YES;
				CLANG_WARN_NON_LITERAL_NULL_CONVERSION = YES;
				CLANG_WARN_OBJC_IMPLICIT_RETAIN_SELF = YES;
				CLANG_WARN_OBJC_LITERAL_CONVERSION = YES;
				CLANG_WARN_OBJC_ROOT_CLASS = YES_ERROR;
				CLANG_WARN_QUOTED_INCLUDE_IN_FRAMEWORK_HEADER = YES;
				CLANG_WARN_RANGE_LOOP_ANALYSIS = YES;
				CLANG_WARN_STRICT_PROTOTYPES = YES;
				CLANG_WARN_SUSPICIOUS_MOVE = YES;
				CLANG_WARN_UNGUARDED_AVAILABILITY = YES_AGGRESSIVE;
				CLANG_WARN_UNREACHABLE_CODE = YES;
				CLANG_WARN__DUPLICATE_METHOD_MATCH = YES;
				COPY_PHASE_STRIP = NO;
				DEBUG_INFORMATION_FORMAT = "dwarf-with-dsym";
				ENABLE_NS_ASSERTIONS = NO;
				ENABLE_STRICT_OBJC_MSGSEND = YES;
				ENABLE_USER_SCRIPT_SANDBOXING = YES;
				GCC_C_LANGUAGE_STANDARD = gnu17;
				GCC_NO_COMMON_BLOCKS = YES;
				GCC_WARN_64_TO_32_BIT_CONVERSION = YES;
				GCC_WARN_ABOUT_RETURN_TYPE = YES_ERROR;
				GCC_WARN_UNDECLARED_SELECTOR = YES;
				GCC_WARN_UNINITIALIZED_AUTOS = YES_AGGRESSIVE;
				GCC_WARN_UNUSED_FUNCTION = YES;
				GCC_WARN_UNUSED_VARIABLE = YES;
				IPHONEOS_DEPLOYMENT_TARGET = 18.1;
				LOCALIZATION_PREFERS_STRING_CATALOGS = YES;
				MTL_ENABLE_DEBUG_INFO = NO;
				MTL_FAST_MATH = YES;
				SDKROOT = iphoneos;
				SWIFT_COMPILATION_MODE = wholemodule;
				VALIDATE_PRODUCT = YES;
			};
			name = Release;
		};
		A0BA40602D011EC60010B26B /* Debug */ = {
			isa = XCBuildConfiguration;
			buildSettings = {
				ASSETCATALOG_COMPILER_APPICON_NAME = AppIcon;
				ASSETCATALOG_COMPILER_GLOBAL_ACCENT_COLOR_NAME = AccentColor;
				CODE_SIGN_STYLE = Automatic;
				CURRENT_PROJECT_VERSION = 1;
				DEVELOPMENT_ASSET_PATHS = "\"TallerDeWidgets/Preview Content\"";
				DEVELOPMENT_TEAM = 4R4PJK8UFG;
				ENABLE_PREVIEWS = YES;
				GENERATE_INFOPLIST_FILE = YES;
				INFOPLIST_KEY_UIApplicationSceneManifest_Generation = YES;
				INFOPLIST_KEY_UIApplicationSupportsIndirectInputEvents = YES;
				INFOPLIST_KEY_UILaunchScreen_Generation = YES;
				INFOPLIST_KEY_UISupportedInterfaceOrientations_iPad = "UIInterfaceOrientationPortrait UIInterfaceOrientationPortraitUpsideDown UIInterfaceOrientationLandscapeLeft UIInterfaceOrientationLandscapeRight";
				INFOPLIST_KEY_UISupportedInterfaceOrientations_iPhone = "UIInterfaceOrientationPortrait UIInterfaceOrientationLandscapeLeft UIInterfaceOrientationLandscapeRight";
				LD_RUNPATH_SEARCH_PATHS = (
					"$(inherited)",
					"@executable_path/Frameworks",
				);
				MARKETING_VERSION = 1.0;
				PRODUCT_BUNDLE_IDENTIFIER = luisamado.TallerDeWidgets;
				PRODUCT_NAME = "$(TARGET_NAME)";
				SWIFT_EMIT_LOC_STRINGS = YES;
				SWIFT_VERSION = 5.0;
				TARGETED_DEVICE_FAMILY = "1,2";
			};
			name = Debug;
		};
		A0BA40612D011EC60010B26B /* Release */ = {
			isa = XCBuildConfiguration;
			buildSettings = {
				ASSETCATALOG_COMPILER_APPICON_NAME = AppIcon;
				ASSETCATALOG_COMPILER_GLOBAL_ACCENT_COLOR_NAME = AccentColor;
				CODE_SIGN_STYLE = Automatic;
				CURRENT_PROJECT_VERSION = 1;
				DEVELOPMENT_ASSET_PATHS = "\"TallerDeWidgets/Preview Content\"";
				DEVELOPMENT_TEAM = 4R4PJK8UFG;
				ENABLE_PREVIEWS = YES;
				GENERATE_INFOPLIST_FILE = YES;
				INFOPLIST_KEY_UIApplicationSceneManifest_Generation = YES;
				INFOPLIST_KEY_UIApplicationSupportsIndirectInputEvents = YES;
				INFOPLIST_KEY_UILaunchScreen_Generation = YES;
				INFOPLIST_KEY_UISupportedInterfaceOrientations_iPad = "UIInterfaceOrientationPortrait UIInterfaceOrientationPortraitUpsideDown UIInterfaceOrientationLandscapeLeft UIInterfaceOrientationLandscapeRight";
				INFOPLIST_KEY_UISupportedInterfaceOrientations_iPhone = "UIInterfaceOrientationPortrait UIInterfaceOrientationLandscapeLeft UIInterfaceOrientationLandscapeRight";
				LD_RUNPATH_SEARCH_PATHS = (
					"$(inherited)",
					"@executable_path/Frameworks",
				);
				MARKETING_VERSION = 1.0;
				PRODUCT_BUNDLE_IDENTIFIER = luisamado.TallerDeWidgets;
				PRODUCT_NAME = "$(TARGET_NAME)";
				SWIFT_EMIT_LOC_STRINGS = YES;
				SWIFT_VERSION = 5.0;
				TARGETED_DEVICE_FAMILY = "1,2";
			};
			name = Release;
		};
		A0BA40792D011F300010B26B /* Debug */ = {
			isa = XCBuildConfiguration;
			buildSettings = {
				ASSETCATALOG_COMPILER_GLOBAL_ACCENT_COLOR_NAME = AccentColor;
				ASSETCATALOG_COMPILER_WIDGET_BACKGROUND_COLOR_NAME = WidgetBackground;
				CODE_SIGN_STYLE = Automatic;
				CURRENT_PROJECT_VERSION = 1;
				DEVELOPMENT_TEAM = 4R4PJK8UFG;
				GENERATE_INFOPLIST_FILE = YES;
				INFOPLIST_FILE = CalendarWidget/Info.plist;
				INFOPLIST_KEY_CFBundleDisplayName = CalendarWidget;
				INFOPLIST_KEY_NSHumanReadableCopyright = "";
				LD_RUNPATH_SEARCH_PATHS = (
					"$(inherited)",
					"@executable_path/Frameworks",
					"@executable_path/../../Frameworks",
				);
				MARKETING_VERSION = 1.0;
				PRODUCT_BUNDLE_IDENTIFIER = luisamado.TallerDeWidgets.CalendarWidget;
				PRODUCT_NAME = "$(TARGET_NAME)";
				SKIP_INSTALL = YES;
				SWIFT_EMIT_LOC_STRINGS = YES;
				SWIFT_VERSION = 5.0;
				TARGETED_DEVICE_FAMILY = "1,2";
			};
			name = Debug;
		};
		A0BA407A2D011F300010B26B /* Release */ = {
			isa = XCBuildConfiguration;
			buildSettings = {
				ASSETCATALOG_COMPILER_GLOBAL_ACCENT_COLOR_NAME = AccentColor;
				ASSETCATALOG_COMPILER_WIDGET_BACKGROUND_COLOR_NAME = WidgetBackground;
				CODE_SIGN_STYLE = Automatic;
				CURRENT_PROJECT_VERSION = 1;
				DEVELOPMENT_TEAM = 4R4PJK8UFG;
				GENERATE_INFOPLIST_FILE = YES;
				INFOPLIST_FILE = CalendarWidget/Info.plist;
				INFOPLIST_KEY_CFBundleDisplayName = CalendarWidget;
				INFOPLIST_KEY_NSHumanReadableCopyright = "";
				LD_RUNPATH_SEARCH_PATHS = (
					"$(inherited)",
					"@executable_path/Frameworks",
					"@executable_path/../../Frameworks",
				);
				MARKETING_VERSION = 1.0;
				PRODUCT_BUNDLE_IDENTIFIER = luisamado.TallerDeWidgets.CalendarWidget;
				PRODUCT_NAME = "$(TARGET_NAME)";
				SKIP_INSTALL = YES;
				SWIFT_EMIT_LOC_STRINGS = YES;
				SWIFT_VERSION = 5.0;
				TARGETED_DEVICE_FAMILY = "1,2";
			};
			name = Release;
		};
		A0BA40922D0125680010B26B /* Debug */ = {
			isa = XCBuildConfiguration;
			buildSettings = {
				ASSETCATALOG_COMPILER_GLOBAL_ACCENT_COLOR_NAME = AccentColor;
				ASSETCATALOG_COMPILER_WIDGET_BACKGROUND_COLOR_NAME = WidgetBackground;
				CODE_SIGN_STYLE = Automatic;
				CURRENT_PROJECT_VERSION = 1;
				DEVELOPMENT_TEAM = 4R4PJK8UFG;
				GENERATE_INFOPLIST_FILE = YES;
				INFOPLIST_FILE = PhraseWidget/Info.plist;
				INFOPLIST_KEY_CFBundleDisplayName = PhraseWidget;
				INFOPLIST_KEY_NSHumanReadableCopyright = "";
				LD_RUNPATH_SEARCH_PATHS = (
					"$(inherited)",
					"@executable_path/Frameworks",
					"@executable_path/../../Frameworks",
				);
				MARKETING_VERSION = 1.0;
				PRODUCT_BUNDLE_IDENTIFIER = luisamado.TallerDeWidgets.PhraseWidget;
				PRODUCT_NAME = "$(TARGET_NAME)";
				SKIP_INSTALL = YES;
				SWIFT_EMIT_LOC_STRINGS = YES;
				SWIFT_VERSION = 5.0;
				TARGETED_DEVICE_FAMILY = "1,2";
			};
			name = Debug;
		};
		A0BA40932D0125680010B26B /* Release */ = {
			isa = XCBuildConfiguration;
			buildSettings = {
				ASSETCATALOG_COMPILER_GLOBAL_ACCENT_COLOR_NAME = AccentColor;
				ASSETCATALOG_COMPILER_WIDGET_BACKGROUND_COLOR_NAME = WidgetBackground;
				CODE_SIGN_STYLE = Automatic;
				CURRENT_PROJECT_VERSION = 1;
				DEVELOPMENT_TEAM = 4R4PJK8UFG;
				GENERATE_INFOPLIST_FILE = YES;
				INFOPLIST_FILE = PhraseWidget/Info.plist;
				INFOPLIST_KEY_CFBundleDisplayName = PhraseWidget;
				INFOPLIST_KEY_NSHumanReadableCopyright = "";
				LD_RUNPATH_SEARCH_PATHS = (
					"$(inherited)",
					"@executable_path/Frameworks",
					"@executable_path/../../Frameworks",
				);
				MARKETING_VERSION = 1.0;
				PRODUCT_BUNDLE_IDENTIFIER = luisamado.TallerDeWidgets.PhraseWidget;
				PRODUCT_NAME = "$(TARGET_NAME)";
				SKIP_INSTALL = YES;
				SWIFT_EMIT_LOC_STRINGS = YES;
				SWIFT_VERSION = 5.0;
				TARGETED_DEVICE_FAMILY = "1,2";
			};
			name = Release;
		};
		A0BA40A82D0132440010B26B /* Debug */ = {
			isa = XCBuildConfiguration;
			buildSettings = {
				ASSETCATALOG_COMPILER_GLOBAL_ACCENT_COLOR_NAME = AccentColor;
				ASSETCATALOG_COMPILER_WIDGET_BACKGROUND_COLOR_NAME = WidgetBackground;
				CODE_SIGN_STYLE = Automatic;
				CURRENT_PROJECT_VERSION = 1;
				DEVELOPMENT_TEAM = 4R4PJK8UFG;
				GENERATE_INFOPLIST_FILE = YES;
				INFOPLIST_FILE = CounterWidget/Info.plist;
				INFOPLIST_KEY_CFBundleDisplayName = CounterWidget;
				INFOPLIST_KEY_NSHumanReadableCopyright = "";
				LD_RUNPATH_SEARCH_PATHS = (
					"$(inherited)",
					"@executable_path/Frameworks",
					"@executable_path/../../Frameworks",
				);
				MARKETING_VERSION = 1.0;
				PRODUCT_BUNDLE_IDENTIFIER = luisamado.TallerDeWidgets.CounterWidget;
				PRODUCT_NAME = "$(TARGET_NAME)";
				SKIP_INSTALL = YES;
				SWIFT_EMIT_LOC_STRINGS = YES;
				SWIFT_VERSION = 5.0;
				TARGETED_DEVICE_FAMILY = "1,2";
			};
			name = Debug;
		};
		A0BA40A92D0132440010B26B /* Release */ = {
			isa = XCBuildConfiguration;
			buildSettings = {
				ASSETCATALOG_COMPILER_GLOBAL_ACCENT_COLOR_NAME = AccentColor;
				ASSETCATALOG_COMPILER_WIDGET_BACKGROUND_COLOR_NAME = WidgetBackground;
				CODE_SIGN_STYLE = Automatic;
				CURRENT_PROJECT_VERSION = 1;
				DEVELOPMENT_TEAM = 4R4PJK8UFG;
				GENERATE_INFOPLIST_FILE = YES;
				INFOPLIST_FILE = CounterWidget/Info.plist;
				INFOPLIST_KEY_CFBundleDisplayName = CounterWidget;
				INFOPLIST_KEY_NSHumanReadableCopyright = "";
				LD_RUNPATH_SEARCH_PATHS = (
					"$(inherited)",
					"@executable_path/Frameworks",
					"@executable_path/../../Frameworks",
				);
				MARKETING_VERSION = 1.0;
				PRODUCT_BUNDLE_IDENTIFIER = luisamado.TallerDeWidgets.CounterWidget;
				PRODUCT_NAME = "$(TARGET_NAME)";
				SKIP_INSTALL = YES;
				SWIFT_EMIT_LOC_STRINGS = YES;
				SWIFT_VERSION = 5.0;
				TARGETED_DEVICE_FAMILY = "1,2";
			};
			name = Release;
		};
/* End XCBuildConfiguration section */

/* Begin XCConfigurationList section */
		A0BA404C2D011EC50010B26B /* Build configuration list for PBXProject "TallerDeWidgets" */ = {
			isa = XCConfigurationList;
			buildConfigurations = (
				A0BA405D2D011EC60010B26B /* Debug */,
				A0BA405E2D011EC60010B26B /* Release */,
			);
			defaultConfigurationIsVisible = 0;
			defaultConfigurationName = Release;
		};
		A0BA405F2D011EC60010B26B /* Build configuration list for PBXNativeTarget "TallerDeWidgets" */ = {
			isa = XCConfigurationList;
			buildConfigurations = (
				A0BA40602D011EC60010B26B /* Debug */,
				A0BA40612D011EC60010B26B /* Release */,
			);
			defaultConfigurationIsVisible = 0;
			defaultConfigurationName = Release;
		};
		A0BA40782D011F300010B26B /* Build configuration list for PBXNativeTarget "CalendarWidgetExtension" */ = {
			isa = XCConfigurationList;
			buildConfigurations = (
				A0BA40792D011F300010B26B /* Debug */,
				A0BA407A2D011F300010B26B /* Release */,
			);
			defaultConfigurationIsVisible = 0;
			defaultConfigurationName = Release;
		};
		A0BA40912D0125680010B26B /* Build configuration list for PBXNativeTarget "PhraseWidgetExtension" */ = {
			isa = XCConfigurationList;
			buildConfigurations = (
				A0BA40922D0125680010B26B /* Debug */,
				A0BA40932D0125680010B26B /* Release */,
			);
			defaultConfigurationIsVisible = 0;
			defaultConfigurationName = Release;
		};
		A0BA40A72D0132440010B26B /* Build configuration list for PBXNativeTarget "CounterWidgetExtension" */ = {
			isa = XCConfigurationList;
			buildConfigurations = (
				A0BA40A82D0132440010B26B /* Debug */,
				A0BA40A92D0132440010B26B /* Release */,
			);
			defaultConfigurationIsVisible = 0;
			defaultConfigurationName = Release;
		};
/* End XCConfigurationList section */
	};
	rootObject = A0BA40492D011EC50010B26B /* Project object */;
}
